{
  "pins" : [
    {
      "identity" : "aro-plugin-sdk-swift",
      "kind" : "remoteSourceControl",
      "location" : "https://github.com/arolang/aro-plugin-sdk-swift.git",
      "state" : {
        "branch" : "main",
        "revision" : "20982d948c4688169f59e088daabcd3417bf5210"
      }
    },
    {
      "identity" : "sqlite.swift",
      "kind" : "remoteSourceControl",
      "location" : "https://github.com/stephencelis/SQLite.swift.git",
      "state" : {
        "revision" : "7a2e3cd27de56f6d396e84f63beefd0267b55ccb",
        "version" : "0.14.1"
      }
    },
    {
      "identity" : "swift-syntax",
      "kind" : "remoteSourceControl",
      "location" : "https://github.com/swiftlang/swift-syntax.git",
      "state" : {
        "revision" : "f99ae8aa18f0cf0d53481901f88a0991dc3bd4a2",
        "version" : "601.0.1"
      }
    }
  ],
  "version" : 2
}
