{
  "pins" : [
    {
      "identity" : "aro-plugin-sdk-swift",
      "kind" : "remoteSourceControl",
      "location" : "https://github.com/arolang/aro-plugin-sdk-swift.git",
      "state" : {
        "branch" : "main",
        "revision" : "b598570a97eea56f48775f8a00bfc9b4a3d2bf20"
      }
    },
    {
      "identity" : "zip",
      "kind" : "remoteSourceControl",
      "location" : "https://github.com/marmelroy/Zip.git",
      "state" : {
        "revision" : "bd19d974e8a38cc8d3a88c90c8a107386c3b8ccf",
        "version" : "2.1.1"
      }
    }
  ],
  "version" : 2
}
