{
  "pins" : [
    {
      "identity" : "aro-plugin-sdk-swift",
      "kind" : "remoteSourceControl",
      "location" : "https://github.com/arolang/aro-plugin-sdk-swift.git",
      "state" : {
        "branch" : "main",
        "revision" : "fb9bdd0eca252b4e38978f8228aee1479e470326"
      }
    }
  ],
  "version" : 2
}
